
Microsoft Visual Studio Solution File, Format Version 12.00
# Visual Studio Version 16
VisualStudioVersion = 16.0.30611.23
MinimumVisualStudioVersion = 10.0.40219.1
Project("{FAE04EC0-301F-11D3-BF4B-00C04F79EFBC}") = "FancyOnlineStore", "FancyOnlineStore\FancyOnlineStore.csproj", "{CC572725-0B31-4EC8-B438-9577664533C8}"
EndProject
Project("{FAE04EC0-301F-11D3-BF4B-00C04F79EFBC}") = "DAL", "DAL\DAL.csproj", "{07D92479-7E41-4128-8CEF-08882A17C9A7}"
EndProject
Project("{FAE04EC0-301F-11D3-BF4B-00C04F79EFBC}") = "DAL.Impl", "DAL.Impl\DAL.Impl.csproj", "{10135E62-4AED-4388-9216-3CA885C84CE2}"
EndProject
Project("{FAE04EC0-301F-11D3-BF4B-00C04F79EFBC}") = "DIContainerConfigurator", "DIContainerConfigurator\DIContainerConfigurator.csproj", "{9A8D8487-845E-440B-9DF5-BCE94625119F}"
EndProject
Project("{FAE04EC0-301F-11D3-BF4B-00C04F79EFBC}") = "BusinessLayer", "BusinessLayer\BusinessLayer.csproj", "{93E98A9D-1CEF-4982-BC4F-AA53D5324446}"
EndProject
Global
	GlobalSection(SolutionConfigurationPlatforms) = preSolution
		Debug|Any CPU = Debug|Any CPU
		Release|Any CPU = Release|Any CPU
	EndGlobalSection
	GlobalSection(ProjectConfigurationPlatforms) = postSolution
		{CC572725-0B31-4EC8-B438-9577664533C8}.Debug|Any CPU.ActiveCfg = Debug|Any CPU
		{CC572725-0B31-4EC8-B438-9577664533C8}.Debug|Any CPU.Build.0 = Debug|Any CPU
		{CC572725-0B31-4EC8-B438-9577664533C8}.Release|Any CPU.ActiveCfg = Release|Any CPU
		{CC572725-0B31-4EC8-B438-9577664533C8}.Release|Any CPU.Build.0 = Release|Any CPU
		{07D92479-7E41-4128-8CEF-08882A17C9A7}.Debug|Any CPU.ActiveCfg = Debug|Any CPU
		{07D92479-7E41-4128-8CEF-08882A17C9A7}.Debug|Any CPU.Build.0 = Debug|Any CPU
		{07D92479-7E41-4128-8CEF-08882A17C9A7}.Release|Any CPU.ActiveCfg = Release|Any CPU
		{07D92479-7E41-4128-8CEF-08882A17C9A7}.Release|Any CPU.Build.0 = Release|Any CPU
		{10135E62-4AED-4388-9216-3CA885C84CE2}.Debug|Any CPU.ActiveCfg = Debug|Any CPU
		{10135E62-4AED-4388-9216-3CA885C84CE2}.Debug|Any CPU.Build.0 = Debug|Any CPU
		{10135E62-4AED-4388-9216-3CA885C84CE2}.Release|Any CPU.ActiveCfg = Release|Any CPU
		{10135E62-4AED-4388-9216-3CA885C84CE2}.Release|Any CPU.Build.0 = Release|Any CPU
		{9A8D8487-845E-440B-9DF5-BCE94625119F}.Debug|Any CPU.ActiveCfg = Debug|Any CPU
		{9A8D8487-845E-440B-9DF5-BCE94625119F}.Debug|Any CPU.Build.0 = Debug|Any CPU
		{9A8D8487-845E-440B-9DF5-BCE94625119F}.Release|Any CPU.ActiveCfg = Release|Any CPU
		{9A8D8487-845E-440B-9DF5-BCE94625119F}.Release|Any CPU.Build.0 = Release|Any CPU
		{93E98A9D-1CEF-4982-BC4F-AA53D5324446}.Debug|Any CPU.ActiveCfg = Debug|Any CPU
		{93E98A9D-1CEF-4982-BC4F-AA53D5324446}.Debug|Any CPU.Build.0 = Debug|Any CPU
		{93E98A9D-1CEF-4982-BC4F-AA53D5324446}.Release|Any CPU.ActiveCfg = Release|Any CPU
		{93E98A9D-1CEF-4982-BC4F-AA53D5324446}.Release|Any CPU.Build.0 = Release|Any CPU
	EndGlobalSection
	GlobalSection(SolutionProperties) = preSolution
		HideSolutionNode = FALSE
	EndGlobalSection
	GlobalSection(ExtensibilityGlobals) = postSolution
		SolutionGuid = {7A372F5D-5271-4B16-ADF8-443C53583ACB}
	EndGlobalSection
EndGlobal
